
Microsoft Visual Studio Solution File, Format Version 12.00
# Visual Studio Version 17
VisualStudioVersion = 17.7.33711.374
MinimumVisualStudioVersion = 10.0.40219.1
Project("{FAE04EC0-301F-11D3-BF4B-00C04F79EFBC}") = "BlazorComponents.WASM", "BlazorComponents\BlazorComponents.WASM.csproj", "{EEB1770E-1D3A-4EB3-B696-A20E32AFC35A}"
EndProject
Project("{FAE04EC0-301F-11D3-BF4B-00C04F79EFBC}") = "BlazorComponents.MAUI", "BlazorComponents.MAUI\BlazorComponents.MAUI.csproj", "{E0DE2E57-3E1E-4B5D-A61C-9A531080F1C3}"
EndProject
Global
	GlobalSection(SolutionConfigurationPlatforms) = preSolution
		Debug|Any CPU = Debug|Any CPU
		Release|Any CPU = Release|Any CPU
	EndGlobalSection
	GlobalSection(ProjectConfigurationPlatforms) = postSolution
		{EEB1770E-1D3A-4EB3-B696-A20E32AFC35A}.Debug|Any CPU.ActiveCfg = Debug|Any CPU
		{EEB1770E-1D3A-4EB3-B696-A20E32AFC35A}.Debug|Any CPU.Build.0 = Debug|Any CPU
		{EEB1770E-1D3A-4EB3-B696-A20E32AFC35A}.Release|Any CPU.ActiveCfg = Release|Any CPU
		{EEB1770E-1D3A-4EB3-B696-A20E32AFC35A}.Release|Any CPU.Build.0 = Release|Any CPU
		{E0DE2E57-3E1E-4B5D-A61C-9A531080F1C3}.Debug|Any CPU.ActiveCfg = Debug|Any CPU
		{E0DE2E57-3E1E-4B5D-A61C-9A531080F1C3}.Debug|Any CPU.Build.0 = Debug|Any CPU
		{E0DE2E57-3E1E-4B5D-A61C-9A531080F1C3}.Debug|Any CPU.Deploy.0 = Debug|Any CPU
		{E0DE2E57-3E1E-4B5D-A61C-9A531080F1C3}.Release|Any CPU.ActiveCfg = Release|Any CPU
		{E0DE2E57-3E1E-4B5D-A61C-9A531080F1C3}.Release|Any CPU.Build.0 = Release|Any CPU
		{E0DE2E57-3E1E-4B5D-A61C-9A531080F1C3}.Release|Any CPU.Deploy.0 = Release|Any CPU
	EndGlobalSection
	GlobalSection(SolutionProperties) = preSolution
		HideSolutionNode = FALSE
	EndGlobalSection
	GlobalSection(ExtensibilityGlobals) = postSolution
		SolutionGuid = {EE590BA6-887A-4172-A830-C7006C98F02F}
	EndGlobalSection
EndGlobal
